
Microsoft Visual Studio Solution File, Format Version 12.00
# Visual Studio 15
VisualStudioVersion = 15.0.28307.329
MinimumVisualStudioVersion = 10.0.40219.1
Project("{2150E333-8FDC-42A3-9474-1A3956D46DE8}") = "Project1", "Project1", "{7E98793F-EF3A-4C08-A16B-6CFD3F5960A8}"
	ProjectSection(SolutionItems) = preProject
		lab1schema.xsd = lab1schema.xsd
		main.html = main.html
		scenario1.xml = scenario1.xml
		Script1.js = Script1.js
	EndProjectSection
EndProject
Global
	GlobalSection(SolutionProperties) = preSolution
		HideSolutionNode = FALSE
	EndGlobalSection
	GlobalSection(ExtensibilityGlobals) = postSolution
		SolutionGuid = {0022723E-2424-41ED-824D-F6654EB3BFD5}
	EndGlobalSection
EndGlobal
